
Microsoft Visual Studio Solution File, Format Version 12.00
# Visual Studio Version 16
VisualStudioVersion = 16.0.34114.132
MinimumVisualStudioVersion = 10.0.40219.1
Project("{FAE04EC0-301F-11D3-BF4B-00C04F79EFBC}") = "Lab11", "Lab11\Lab11.csproj", "{21A766E9-2273-4925-8367-9C577316C1FB}"
EndProject
Global
	GlobalSection(SolutionConfigurationPlatforms) = preSolution
		Debug|Any CPU = Debug|Any CPU
		Release|Any CPU = Release|Any CPU
	EndGlobalSection
	GlobalSection(ProjectConfigurationPlatforms) = postSolution
		{21A766E9-2273-4925-8367-9C577316C1FB}.Debug|Any CPU.ActiveCfg = Debug|Any CPU
		{21A766E9-2273-4925-8367-9C577316C1FB}.Debug|Any CPU.Build.0 = Debug|Any CPU
		{21A766E9-2273-4925-8367-9C577316C1FB}.Release|Any CPU.ActiveCfg = Release|Any CPU
		{21A766E9-2273-4925-8367-9C577316C1FB}.Release|Any CPU.Build.0 = Release|Any CPU
	EndGlobalSection
	GlobalSection(SolutionProperties) = preSolution
		HideSolutionNode = FALSE
	EndGlobalSection
	GlobalSection(ExtensibilityGlobals) = postSolution
		SolutionGuid = {B14CF92C-28DC-4941-83AB-7CCB2C7195BD}
	EndGlobalSection
EndGlobal
