
Microsoft Visual Studio Solution File, Format Version 12.00
# Visual Studio Version 16
VisualStudioVersion = 16.0.34114.132
MinimumVisualStudioVersion = 10.0.40219.1
Project("{FAE04EC0-301F-11D3-BF4B-00C04F79EFBC}") = "Lab 14", "Lab 14\Lab 14.csproj", "{3A0FB485-369C-4DE6-BA5C-4E72AA9C294F}"
EndProject
Global
	GlobalSection(SolutionConfigurationPlatforms) = preSolution
		Debug|Any CPU = Debug|Any CPU
		Release|Any CPU = Release|Any CPU
	EndGlobalSection
	GlobalSection(ProjectConfigurationPlatforms) = postSolution
		{3A0FB485-369C-4DE6-BA5C-4E72AA9C294F}.Debug|Any CPU.ActiveCfg = Debug|Any CPU
		{3A0FB485-369C-4DE6-BA5C-4E72AA9C294F}.Debug|Any CPU.Build.0 = Debug|Any CPU
		{3A0FB485-369C-4DE6-BA5C-4E72AA9C294F}.Release|Any CPU.ActiveCfg = Release|Any CPU
		{3A0FB485-369C-4DE6-BA5C-4E72AA9C294F}.Release|Any CPU.Build.0 = Release|Any CPU
	EndGlobalSection
	GlobalSection(SolutionProperties) = preSolution
		HideSolutionNode = FALSE
	EndGlobalSection
	GlobalSection(ExtensibilityGlobals) = postSolution
		SolutionGuid = {F04A4AF9-7F69-4F3D-9387-98CCB1987D95}
	EndGlobalSection
EndGlobal
